{
  "name": "@dougpagani/example-project",
  "version": "0.1.0",
  "lockfileVersion": 1,
  "requires": true,
  "dependencies": {
    "@dougpagani/example-library": {
      "version": "0.0.0",
      "resolved": "https://registry.npmjs.org/@dougpagani/example-library/-/example-library-0.0.0.tgz",
      "integrity": "sha512-2UhRYhuWXdInr6aqnw+Yzd4R/97EwHVOeSAJISVykBPj++CIQlBE/gt0JdT7NGKVgszyiRJ1vBxpK0xwripK/Q=="
    }
  }
}
